// !$*UTF8*$!
{
	archiveVersion = 1;
	classes = {
	};
	objectVersion = 46;
	objects = {

/* Begin PBXBuildFile section */
		02EACA28183EFC8500780D06 /* Foundation.framework in Frameworks */ = {isa = PBXBuildFile; fileRef = 02EACA27183EFC8500780D06 /* Foundation.framework */; };
		02EACA2A183EFC8500780D06 /* CoreGraphics.framework in Frameworks */ = {isa = PBXBuildFile; fileRef = 02EACA29183EFC8500780D06 /* CoreGraphics.framework */; };
		02EACA2C183EFC8500780D06 /* UIKit.framework in Frameworks */ = {isa = PBXBuildFile; fileRef = 02EACA2B183EFC8500780D06 /* UIKit.framework */; };
		02EACA32183EFC8500780D06 /* InfoPlist.strings in Resources */ = {isa = PBXBuildFile; fileRef = 02EACA30183EFC8500780D06 /* InfoPlist.strings */; };
		02EACA34183EFC8500780D06 /* main.m in Sources */ = {isa = PBXBuildFile; fileRef = 02EACA33183EFC8500780D06 /* main.m */; };
		02EACA38183EFC8500780D06 /* AppDelegate.m in Sources */ = {isa = PBXBuildFile; fileRef = 02EACA37183EFC8500780D06 /* AppDelegate.m */; };
		02EACA3A183EFC8500780D06 /* Images.xcassets in Resources */ = {isa = PBXBuildFile; fileRef = 02EACA39183EFC8500780D06 /* Images.xcassets */; };
		02EACA5E183F00B300780D06 /* TestSwipeToPopOne.m in Sources */ = {isa = PBXBuildFile; fileRef = 02EACA5D183F00B300780D06 /* TestSwipeToPopOne.m */; };
		02EACA61183F014100780D06 /* TestSwipeToPopTwo.m in Sources */ = {isa = PBXBuildFile; fileRef = 02EACA60183F014100780D06 /* TestSwipeToPopTwo.m */; };
		3CDECEA963AD8AE544A6038F /* libPods.a in Frameworks */ = {isa = PBXBuildFile; fileRef = BEF077E5FB6006EC409E7894 /* libPods.a */; };
		840CB3801B8EDE24003220D2 /* AlbumTableViewCell.m in Sources */ = {isa = PBXBuildFile; fileRef = 840CB37F1B8EDE24003220D2 /* AlbumTableViewCell.m */; };
		840CB3841B8EECB1003220D2 /* AlbumViewController.m in Sources */ = {isa = PBXBuildFile; fileRef = 840CB3831B8EECB1003220D2 /* AlbumViewController.m */; };
		8426F0AA1A888A6800853F61 /* Setting.m in Sources */ = {isa = PBXBuildFile; fileRef = 8426F0A91A888A6800853F61 /* Setting.m */; };
		848B4E871BA80036004B1494 /* MixTestViewController.m in Sources */ = {isa = PBXBuildFile; fileRef = 848B4E861BA80036004B1494 /* MixTestViewController.m */; settings = {ASSET_TAGS = (); }; };
		8499DA2A1B147E520021C873 /* NextViewController.m in Sources */ = {isa = PBXBuildFile; fileRef = 8499DA291B147E520021C873 /* NextViewController.m */; };
		849E06441A8CB2D90012CBE6 /* CameraCountdownView.m in Sources */ = {isa = PBXBuildFile; fileRef = 849E06431A8CB2D90012CBE6 /* CameraCountdownView.m */; };
		849E06461A8CB68B0012CBE6 /* 倒计时plus1.png in Resources */ = {isa = PBXBuildFile; fileRef = 849E06451A8CB68B0012CBE6 /* 倒计时plus1.png */; };
		849E06481A8CB6990012CBE6 /* 倒计时1.png in Resources */ = {isa = PBXBuildFile; fileRef = 849E06471A8CB6990012CBE6 /* 倒计时1.png */; };
		849E064B1A8CB6A10012CBE6 /* 倒计时2.png in Resources */ = {isa = PBXBuildFile; fileRef = 849E06491A8CB6A10012CBE6 /* 倒计时2.png */; };
		849E064C1A8CB6A10012CBE6 /* 倒计时plus2.png in Resources */ = {isa = PBXBuildFile; fileRef = 849E064A1A8CB6A10012CBE6 /* 倒计时plus2.png */; };
		849E064F1A8CB6A70012CBE6 /* 倒计时3.png in Resources */ = {isa = PBXBuildFile; fileRef = 849E064D1A8CB6A70012CBE6 /* 倒计时3.png */; };
		849E06501A8CB6A70012CBE6 /* 倒计时plus3.png in Resources */ = {isa = PBXBuildFile; fileRef = 849E064E1A8CB6A70012CBE6 /* 倒计时plus3.png */; };
		84B3D30B1B9D7CAE006175FD /* AdViewController.m in Sources */ = {isa = PBXBuildFile; fileRef = 84B3D30A1B9D7CAE006175FD /* AdViewController.m */; };
		84B3D3101B9D803E006175FD /* RequestAdData.m in Sources */ = {isa = PBXBuildFile; fileRef = 84B3D30F1B9D803E006175FD /* RequestAdData.m */; };
		84B3D3151B9D80F4006175FD /* AdDataModel.m in Sources */ = {isa = PBXBuildFile; fileRef = 84B3D3141B9D80F4006175FD /* AdDataModel.m */; };
		84BA6AF41B140BB30054D05F /* LoaerCollectionViewController.m in Sources */ = {isa = PBXBuildFile; fileRef = 84BA6AF31B140BB30054D05F /* LoaerCollectionViewController.m */; };
		84BA6AF71B140CC90054D05F /* LoaerCollectionViewCell.m in Sources */ = {isa = PBXBuildFile; fileRef = 84BA6AF61B140CC90054D05F /* LoaerCollectionViewCell.m */; };
		84BA6AFA1B1419F80054D05F /* LoaerTwitterCollectionViewFlowLayout.m in Sources */ = {isa = PBXBuildFile; fileRef = 84BA6AF91B1419F80054D05F /* LoaerTwitterCollectionViewFlowLayout.m */; };
		84BB73081A89ADC000D1DC66 /* POPAnimatableProperty+Masonry.m in Sources */ = {isa = PBXBuildFile; fileRef = 84BB73071A89ADC000D1DC66 /* POPAnimatableProperty+Masonry.m */; };
		84BDBC951B4BCE6F00EFD1F4 /* MTImageScrollView.m in Sources */ = {isa = PBXBuildFile; fileRef = 84BDBC941B4BCE6F00EFD1F4 /* MTImageScrollView.m */; };
		84BE834E1B8EB37600F96522 /* AlbumsTableViewController.m in Sources */ = {isa = PBXBuildFile; fileRef = 84BE834D1B8EB37600F96522 /* AlbumsTableViewController.m */; };
		84BE83571B8EB41E00F96522 /* UIImage+ImageTool.m in Sources */ = {isa = PBXBuildFile; fileRef = 84BE83561B8EB41E00F96522 /* UIImage+ImageTool.m */; };
		84E23C491B8D609E004A083A /* NetDataViewController.m in Sources */ = {isa = PBXBuildFile; fileRef = 84E23C481B8D609E004A083A /* NetDataViewController.m */; };
		84E572111B43DD5600815262 /* PullViewController.m in Sources */ = {isa = PBXBuildFile; fileRef = 84E572101B43DD5600815262 /* PullViewController.m */; };
		84ED36341AA5BC5B00AFEACB /* AVFoundation.framework in Frameworks */ = {isa = PBXBuildFile; fileRef = 84ED36331AA5BC5B00AFEACB /* AVFoundation.framework */; };
		84ED36361AA5BC9E00AFEACB /* MobileCoreServices.framework in Frameworks */ = {isa = PBXBuildFile; fileRef = 84ED36351AA5BC9E00AFEACB /* MobileCoreServices.framework */; };
		84FE9A751BAFED6600C8752D /* FiveStarViewController.m in Sources */ = {isa = PBXBuildFile; fileRef = 84FE9A741BAFED6600C8752D /* FiveStarViewController.m */; settings = {ASSET_TAGS = (); }; };
/* End PBXBuildFile section */

/* Begin PBXFileReference section */
		02EACA24183EFC8500780D06 /* IOS7Tests.app */ = {isa = PBXFileReference; explicitFileType = wrapper.application; includeInIndex = 0; path = IOS7Tests.app; sourceTree = BUILT_PRODUCTS_DIR; };
		02EACA27183EFC8500780D06 /* Foundation.framework */ = {isa = PBXFileReference; lastKnownFileType = wrapper.framework; name = Foundation.framework; path = System/Library/Frameworks/Foundation.framework; sourceTree = SDKROOT; };
		02EACA29183EFC8500780D06 /* CoreGraphics.framework */ = {isa = PBXFileReference; lastKnownFileType = wrapper.framework; name = CoreGraphics.framework; path = System/Library/Frameworks/CoreGraphics.framework; sourceTree = SDKROOT; };
		02EACA2B183EFC8500780D06 /* UIKit.framework */ = {isa = PBXFileReference; lastKnownFileType = wrapper.framework; name = UIKit.framework; path = System/Library/Frameworks/UIKit.framework; sourceTree = SDKROOT; };
		02EACA2F183EFC8500780D06 /* IOS7Tests-Info.plist */ = {isa = PBXFileReference; lastKnownFileType = text.plist.xml; path = "IOS7Tests-Info.plist"; sourceTree = "<group>"; };
		02EACA31183EFC8500780D06 /* en */ = {isa = PBXFileReference; lastKnownFileType = text.plist.strings; name = en; path = en.lproj/InfoPlist.strings; sourceTree = "<group>"; };
		02EACA33183EFC8500780D06 /* main.m */ = {isa = PBXFileReference; lastKnownFileType = sourcecode.c.objc; path = main.m; sourceTree = "<group>"; };
		02EACA35183EFC8500780D06 /* IOS7Tests-Prefix.pch */ = {isa = PBXFileReference; lastKnownFileType = sourcecode.c.h; path = "IOS7Tests-Prefix.pch"; sourceTree = "<group>"; };
		02EACA36183EFC8500780D06 /* AppDelegate.h */ = {isa = PBXFileReference; lastKnownFileType = sourcecode.c.h; path = AppDelegate.h; sourceTree = "<group>"; };
		02EACA37183EFC8500780D06 /* AppDelegate.m */ = {isa = PBXFileReference; lastKnownFileType = sourcecode.c.objc; path = AppDelegate.m; sourceTree = "<group>"; };
		02EACA39183EFC8500780D06 /* Images.xcassets */ = {isa = PBXFileReference; lastKnownFileType = folder.assetcatalog; path = Images.xcassets; sourceTree = "<group>"; };
		02EACA40183EFC8500780D06 /* XCTest.framework */ = {isa = PBXFileReference; lastKnownFileType = wrapper.framework; name = XCTest.framework; path = Library/Frameworks/XCTest.framework; sourceTree = DEVELOPER_DIR; };
		02EACA48183EFC8500780D06 /* IOS7TestsTests-Info.plist */ = {isa = PBXFileReference; lastKnownFileType = text.plist.xml; path = "IOS7TestsTests-Info.plist"; sourceTree = "<group>"; };
		02EACA4A183EFC8500780D06 /* en */ = {isa = PBXFileReference; lastKnownFileType = text.plist.strings; name = en; path = en.lproj/InfoPlist.strings; sourceTree = "<group>"; };
		02EACA4C183EFC8500780D06 /* IOS7TestsTests.m */ = {isa = PBXFileReference; lastKnownFileType = sourcecode.c.objc; path = IOS7TestsTests.m; sourceTree = "<group>"; };
		02EACA5C183F00B300780D06 /* TestSwipeToPopOne.h */ = {isa = PBXFileReference; fileEncoding = 4; lastKnownFileType = sourcecode.c.h; path = TestSwipeToPopOne.h; sourceTree = "<group>"; };
		02EACA5D183F00B300780D06 /* TestSwipeToPopOne.m */ = {isa = PBXFileReference; fileEncoding = 4; lastKnownFileType = sourcecode.c.objc; path = TestSwipeToPopOne.m; sourceTree = "<group>"; };
		02EACA5F183F014100780D06 /* TestSwipeToPopTwo.h */ = {isa = PBXFileReference; fileEncoding = 4; lastKnownFileType = sourcecode.c.h; path = TestSwipeToPopTwo.h; sourceTree = "<group>"; };
		02EACA60183F014100780D06 /* TestSwipeToPopTwo.m */ = {isa = PBXFileReference; fileEncoding = 4; lastKnownFileType = sourcecode.c.objc; path = TestSwipeToPopTwo.m; sourceTree = "<group>"; };
		840CB37E1B8EDE24003220D2 /* AlbumTableViewCell.h */ = {isa = PBXFileReference; fileEncoding = 4; lastKnownFileType = sourcecode.c.h; path = AlbumTableViewCell.h; sourceTree = "<group>"; };
		840CB37F1B8EDE24003220D2 /* AlbumTableViewCell.m */ = {isa = PBXFileReference; fileEncoding = 4; lastKnownFileType = sourcecode.c.objc; path = AlbumTableViewCell.m; sourceTree = "<group>"; };
		840CB3821B8EECB1003220D2 /* AlbumViewController.h */ = {isa = PBXFileReference; fileEncoding = 4; lastKnownFileType = sourcecode.c.h; path = AlbumViewController.h; sourceTree = "<group>"; };
		840CB3831B8EECB1003220D2 /* AlbumViewController.m */ = {isa = PBXFileReference; fileEncoding = 4; lastKnownFileType = sourcecode.c.objc; path = AlbumViewController.m; sourceTree = "<group>"; };
		8426F0A81A888A6800853F61 /* Setting.h */ = {isa = PBXFileReference; fileEncoding = 4; lastKnownFileType = sourcecode.c.h; path = Setting.h; sourceTree = "<group>"; };
		8426F0A91A888A6800853F61 /* Setting.m */ = {isa = PBXFileReference; fileEncoding = 4; lastKnownFileType = sourcecode.c.objc; path = Setting.m; sourceTree = "<group>"; };
		848B4E851BA80036004B1494 /* MixTestViewController.h */ = {isa = PBXFileReference; fileEncoding = 4; lastKnownFileType = sourcecode.c.h; path = MixTestViewController.h; sourceTree = "<group>"; };
		848B4E861BA80036004B1494 /* MixTestViewController.m */ = {isa = PBXFileReference; fileEncoding = 4; lastKnownFileType = sourcecode.c.objc; path = MixTestViewController.m; sourceTree = "<group>"; };
		8499DA281B147E520021C873 /* NextViewController.h */ = {isa = PBXFileReference; fileEncoding = 4; lastKnownFileType = sourcecode.c.h; path = NextViewController.h; sourceTree = "<group>"; };
		8499DA291B147E520021C873 /* NextViewController.m */ = {isa = PBXFileReference; fileEncoding = 4; lastKnownFileType = sourcecode.c.objc; path = NextViewController.m; sourceTree = "<group>"; };
		849E06421A8CB2D90012CBE6 /* CameraCountdownView.h */ = {isa = PBXFileReference; fileEncoding = 4; lastKnownFileType = sourcecode.c.h; path = CameraCountdownView.h; sourceTree = "<group>"; };
		849E06431A8CB2D90012CBE6 /* CameraCountdownView.m */ = {isa = PBXFileReference; fileEncoding = 4; lastKnownFileType = sourcecode.c.objc; path = CameraCountdownView.m; sourceTree = "<group>"; };
		849E06451A8CB68B0012CBE6 /* 倒计时plus1.png */ = {isa = PBXFileReference; lastKnownFileType = image.png; path = "倒计时plus1.png"; sourceTree = "<group>"; };
		849E06471A8CB6990012CBE6 /* 倒计时1.png */ = {isa = PBXFileReference; lastKnownFileType = image.png; path = "倒计时1.png"; sourceTree = "<group>"; };
		849E06491A8CB6A10012CBE6 /* 倒计时2.png */ = {isa = PBXFileReference; lastKnownFileType = image.png; path = "倒计时2.png"; sourceTree = "<group>"; };
		849E064A1A8CB6A10012CBE6 /* 倒计时plus2.png */ = {isa = PBXFileReference; lastKnownFileType = image.png; path = "倒计时plus2.png"; sourceTree = "<group>"; };
		849E064D1A8CB6A70012CBE6 /* 倒计时3.png */ = {isa = PBXFileReference; lastKnownFileType = image.png; path = "倒计时3.png"; sourceTree = "<group>"; };
		849E064E1A8CB6A70012CBE6 /* 倒计时plus3.png */ = {isa = PBXFileReference; lastKnownFileType = image.png; path = "倒计时plus3.png"; sourceTree = "<group>"; };
		84B3D3091B9D7CAE006175FD /* AdViewController.h */ = {isa = PBXFileReference; fileEncoding = 4; lastKnownFileType = sourcecode.c.h; path = AdViewController.h; sourceTree = "<group>"; };
		84B3D30A1B9D7CAE006175FD /* AdViewController.m */ = {isa = PBXFileReference; fileEncoding = 4; lastKnownFileType = sourcecode.c.objc; path = AdViewController.m; sourceTree = "<group>"; };
		84B3D30E1B9D803E006175FD /* RequestAdData.h */ = {isa = PBXFileReference; fileEncoding = 4; lastKnownFileType = sourcecode.c.h; path = RequestAdData.h; sourceTree = "<group>"; };
		84B3D30F1B9D803E006175FD /* RequestAdData.m */ = {isa = PBXFileReference; fileEncoding = 4; lastKnownFileType = sourcecode.c.objc; path = RequestAdData.m; sourceTree = "<group>"; };
		84B3D3131B9D80F4006175FD /* AdDataModel.h */ = {isa = PBXFileReference; fileEncoding = 4; lastKnownFileType = sourcecode.c.h; path = AdDataModel.h; sourceTree = "<group>"; };
		84B3D3141B9D80F4006175FD /* AdDataModel.m */ = {isa = PBXFileReference; fileEncoding = 4; lastKnownFileType = sourcecode.c.objc; path = AdDataModel.m; sourceTree = "<group>"; };
		84BA6AF21B140BB30054D05F /* LoaerCollectionViewController.h */ = {isa = PBXFileReference; fileEncoding = 4; lastKnownFileType = sourcecode.c.h; path = LoaerCollectionViewController.h; sourceTree = "<group>"; };
		84BA6AF31B140BB30054D05F /* LoaerCollectionViewController.m */ = {isa = PBXFileReference; fileEncoding = 4; lastKnownFileType = sourcecode.c.objc; path = LoaerCollectionViewController.m; sourceTree = "<group>"; };
		84BA6AF51B140CC90054D05F /* LoaerCollectionViewCell.h */ = {isa = PBXFileReference; fileEncoding = 4; lastKnownFileType = sourcecode.c.h; path = LoaerCollectionViewCell.h; sourceTree = "<group>"; };
		84BA6AF61B140CC90054D05F /* LoaerCollectionViewCell.m */ = {isa = PBXFileReference; fileEncoding = 4; lastKnownFileType = sourcecode.c.objc; path = LoaerCollectionViewCell.m; sourceTree = "<group>"; };
		84BA6AF81B1419F80054D05F /* LoaerTwitterCollectionViewFlowLayout.h */ = {isa = PBXFileReference; fileEncoding = 4; lastKnownFileType = sourcecode.c.h; path = LoaerTwitterCollectionViewFlowLayout.h; sourceTree = "<group>"; };
		84BA6AF91B1419F80054D05F /* LoaerTwitterCollectionViewFlowLayout.m */ = {isa = PBXFileReference; fileEncoding = 4; lastKnownFileType = sourcecode.c.objc; path = LoaerTwitterCollectionViewFlowLayout.m; sourceTree = "<group>"; };
		84BB73051A89ADC000D1DC66 /* MSSPopMasonry.h */ = {isa = PBXFileReference; fileEncoding = 4; lastKnownFileType = sourcecode.c.h; path = MSSPopMasonry.h; sourceTree = "<group>"; };
		84BB73061A89ADC000D1DC66 /* POPAnimatableProperty+Masonry.h */ = {isa = PBXFileReference; fileEncoding = 4; lastKnownFileType = sourcecode.c.h; path = "POPAnimatableProperty+Masonry.h"; sourceTree = "<group>"; };
		84BB73071A89ADC000D1DC66 /* POPAnimatableProperty+Masonry.m */ = {isa = PBXFileReference; fileEncoding = 4; lastKnownFileType = sourcecode.c.objc; path = "POPAnimatableProperty+Masonry.m"; sourceTree = "<group>"; };
		84BDBC931B4BCE6F00EFD1F4 /* MTImageScrollView.h */ = {isa = PBXFileReference; fileEncoding = 4; lastKnownFileType = sourcecode.c.h; path = MTImageScrollView.h; sourceTree = "<group>"; };
		84BDBC941B4BCE6F00EFD1F4 /* MTImageScrollView.m */ = {isa = PBXFileReference; fileEncoding = 4; lastKnownFileType = sourcecode.c.objc; path = MTImageScrollView.m; sourceTree = "<group>"; };
		84BE834C1B8EB37600F96522 /* AlbumsTableViewController.h */ = {isa = PBXFileReference; fileEncoding = 4; lastKnownFileType = sourcecode.c.h; path = AlbumsTableViewController.h; sourceTree = "<group>"; };
		84BE834D1B8EB37600F96522 /* AlbumsTableViewController.m */ = {isa = PBXFileReference; fileEncoding = 4; lastKnownFileType = sourcecode.c.objc; path = AlbumsTableViewController.m; sourceTree = "<group>"; };
		84BE83551B8EB41E00F96522 /* UIImage+ImageTool.h */ = {isa = PBXFileReference; fileEncoding = 4; lastKnownFileType = sourcecode.c.h; path = "UIImage+ImageTool.h"; sourceTree = "<group>"; };
		84BE83561B8EB41E00F96522 /* UIImage+ImageTool.m */ = {isa = PBXFileReference; fileEncoding = 4; lastKnownFileType = sourcecode.c.objc; path = "UIImage+ImageTool.m"; sourceTree = "<group>"; };
		84E23C471B8D609E004A083A /* NetDataViewController.h */ = {isa = PBXFileReference; fileEncoding = 4; lastKnownFileType = sourcecode.c.h; path = NetDataViewController.h; sourceTree = "<group>"; };
		84E23C481B8D609E004A083A /* NetDataViewController.m */ = {isa = PBXFileReference; fileEncoding = 4; lastKnownFileType = sourcecode.c.objc; path = NetDataViewController.m; sourceTree = "<group>"; };
		84E5720F1B43DD5600815262 /* PullViewController.h */ = {isa = PBXFileReference; fileEncoding = 4; lastKnownFileType = sourcecode.c.h; path = PullViewController.h; sourceTree = "<group>"; };
		84E572101B43DD5600815262 /* PullViewController.m */ = {isa = PBXFileReference; fileEncoding = 4; lastKnownFileType = sourcecode.c.objc; path = PullViewController.m; sourceTree = "<group>"; };
		84ED36331AA5BC5B00AFEACB /* AVFoundation.framework */ = {isa = PBXFileReference; lastKnownFileType = wrapper.framework; name = AVFoundation.framework; path = System/Library/Frameworks/AVFoundation.framework; sourceTree = SDKROOT; };
		84ED36351AA5BC9E00AFEACB /* MobileCoreServices.framework */ = {isa = PBXFileReference; lastKnownFileType = wrapper.framework; name = MobileCoreServices.framework; path = System/Library/Frameworks/MobileCoreServices.framework; sourceTree = SDKROOT; };
		84FE9A731BAFED6600C8752D /* FiveStarViewController.h */ = {isa = PBXFileReference; fileEncoding = 4; lastKnownFileType = sourcecode.c.h; path = FiveStarViewController.h; sourceTree = "<group>"; };
		84FE9A741BAFED6600C8752D /* FiveStarViewController.m */ = {isa = PBXFileReference; fileEncoding = 4; lastKnownFileType = sourcecode.c.objc; path = FiveStarViewController.m; sourceTree = "<group>"; };
		9E5906AB5C8C85374ADD9701 /* Pods.debug.xcconfig */ = {isa = PBXFileReference; includeInIndex = 1; lastKnownFileType = text.xcconfig; name = Pods.debug.xcconfig; path = "Pods/Target Support Files/Pods/Pods.debug.xcconfig"; sourceTree = "<group>"; };
		BEF077E5FB6006EC409E7894 /* libPods.a */ = {isa = PBXFileReference; explicitFileType = archive.ar; includeInIndex = 0; path = libPods.a; sourceTree = BUILT_PRODUCTS_DIR; };
		C0E48BA6D0057B0DD3A81A35 /* Pods.release.xcconfig */ = {isa = PBXFileReference; includeInIndex = 1; lastKnownFileType = text.xcconfig; name = Pods.release.xcconfig; path = "Pods/Target Support Files/Pods/Pods.release.xcconfig"; sourceTree = "<group>"; };
/* End PBXFileReference section */

/* Begin PBXFrameworksBuildPhase section */
		02EACA21183EFC8500780D06 /* Frameworks */ = {
			isa = PBXFrameworksBuildPhase;
			buildActionMask = 2147483647;
			files = (
				84ED36361AA5BC9E00AFEACB /* MobileCoreServices.framework in Frameworks */,
				84ED36341AA5BC5B00AFEACB /* AVFoundation.framework in Frameworks */,
				02EACA2A183EFC8500780D06 /* CoreGraphics.framework in Frameworks */,
				02EACA2C183EFC8500780D06 /* UIKit.framework in Frameworks */,
				02EACA28183EFC8500780D06 /* Foundation.framework in Frameworks */,
				3CDECEA963AD8AE544A6038F /* libPods.a in Frameworks */,
			);
			runOnlyForDeploymentPostprocessing = 0;
		};
/* End PBXFrameworksBuildPhase section */

/* Begin PBXGroup section */
		02EACA1B183EFC8500780D06 = {
			isa = PBXGroup;
			children = (
				02EACA2D183EFC8500780D06 /* IOS7Tests */,
				02EACA46183EFC8500780D06 /* IOS7TestsTests */,
				02EACA26183EFC8500780D06 /* Frameworks */,
				02EACA25183EFC8500780D06 /* Products */,
				9CB9FB3EC67903B797DC1850 /* Pods */,
			);
			sourceTree = "<group>";
		};
		02EACA25183EFC8500780D06 /* Products */ = {
			isa = PBXGroup;
			children = (
				02EACA24183EFC8500780D06 /* IOS7Tests.app */,
			);
			name = Products;
			sourceTree = "<group>";
		};
		02EACA26183EFC8500780D06 /* Frameworks */ = {
			isa = PBXGroup;
			children = (
				84ED36351AA5BC9E00AFEACB /* MobileCoreServices.framework */,
				84ED36331AA5BC5B00AFEACB /* AVFoundation.framework */,
				02EACA27183EFC8500780D06 /* Foundation.framework */,
				02EACA29183EFC8500780D06 /* CoreGraphics.framework */,
				02EACA2B183EFC8500780D06 /* UIKit.framework */,
				02EACA40183EFC8500780D06 /* XCTest.framework */,
				BEF077E5FB6006EC409E7894 /* libPods.a */,
			);
			name = Frameworks;
			sourceTree = "<group>";
		};
		02EACA2D183EFC8500780D06 /* IOS7Tests */ = {
			isa = PBXGroup;
			children = (
				84FE9A721BAFED3100C8752D /* fiveStar */,
				848B4E841BA8001C004B1494 /* mixpanelTest */,
				84B3D3121B9D807D006175FD /* collectionview */,
				84B3D3111B9D8069006175FD /* cameracountdown */,
				84BE834B1B8EB31300F96522 /* Pictures */,
				84BDBC921B4BCE6F00EFD1F4 /* imageScrollView */,
				84BB73051A89ADC000D1DC66 /* MSSPopMasonry.h */,
				84BB73061A89ADC000D1DC66 /* POPAnimatableProperty+Masonry.h */,
				84BB73071A89ADC000D1DC66 /* POPAnimatableProperty+Masonry.m */,
				8499DA281B147E520021C873 /* NextViewController.h */,
				8499DA291B147E520021C873 /* NextViewController.m */,
				02EACA36183EFC8500780D06 /* AppDelegate.h */,
				02EACA37183EFC8500780D06 /* AppDelegate.m */,
				84E5720F1B43DD5600815262 /* PullViewController.h */,
				84E572101B43DD5600815262 /* PullViewController.m */,
				8426F0A81A888A6800853F61 /* Setting.h */,
				8426F0A91A888A6800853F61 /* Setting.m */,
				02EACA5C183F00B300780D06 /* TestSwipeToPopOne.h */,
				02EACA5D183F00B300780D06 /* TestSwipeToPopOne.m */,
				02EACA5F183F014100780D06 /* TestSwipeToPopTwo.h */,
				02EACA60183F014100780D06 /* TestSwipeToPopTwo.m */,
				84E23C471B8D609E004A083A /* NetDataViewController.h */,
				84E23C481B8D609E004A083A /* NetDataViewController.m */,
				84B3D3091B9D7CAE006175FD /* AdViewController.h */,
				84B3D30A1B9D7CAE006175FD /* AdViewController.m */,
				84B3D30E1B9D803E006175FD /* RequestAdData.h */,
				84B3D30F1B9D803E006175FD /* RequestAdData.m */,
				84B3D3131B9D80F4006175FD /* AdDataModel.h */,
				84B3D3141B9D80F4006175FD /* AdDataModel.m */,
				02EACA39183EFC8500780D06 /* Images.xcassets */,
				02EACA2E183EFC8500780D06 /* Supporting Files */,
			);
			path = IOS7Tests;
			sourceTree = "<group>";
		};
		02EACA2E183EFC8500780D06 /* Supporting Files */ = {
			isa = PBXGroup;
			children = (
				02EACA2F183EFC8500780D06 /* IOS7Tests-Info.plist */,
				02EACA30183EFC8500780D06 /* InfoPlist.strings */,
				02EACA33183EFC8500780D06 /* main.m */,
				02EACA35183EFC8500780D06 /* IOS7Tests-Prefix.pch */,
			);
			name = "Supporting Files";
			sourceTree = "<group>";
		};
		02EACA46183EFC8500780D06 /* IOS7TestsTests */ = {
			isa = PBXGroup;
			children = (
				02EACA4C183EFC8500780D06 /* IOS7TestsTests.m */,
				02EACA47183EFC8500780D06 /* Supporting Files */,
			);
			path = IOS7TestsTests;
			sourceTree = "<group>";
		};
		02EACA47183EFC8500780D06 /* Supporting Files */ = {
			isa = PBXGroup;
			children = (
				02EACA48183EFC8500780D06 /* IOS7TestsTests-Info.plist */,
				02EACA49183EFC8500780D06 /* InfoPlist.strings */,
			);
			name = "Supporting Files";
			sourceTree = "<group>";
		};
		848B4E841BA8001C004B1494 /* mixpanelTest */ = {
			isa = PBXGroup;
			children = (
				848B4E851BA80036004B1494 /* MixTestViewController.h */,
				848B4E861BA80036004B1494 /* MixTestViewController.m */,
			);
			name = mixpanelTest;
			sourceTree = "<group>";
		};
		84B3D3111B9D8069006175FD /* cameracountdown */ = {
			isa = PBXGroup;
			children = (
				849E064D1A8CB6A70012CBE6 /* 倒计时3.png */,
				849E064E1A8CB6A70012CBE6 /* 倒计时plus3.png */,
				849E06491A8CB6A10012CBE6 /* 倒计时2.png */,
				849E064A1A8CB6A10012CBE6 /* 倒计时plus2.png */,
				849E06451A8CB68B0012CBE6 /* 倒计时plus1.png */,
				849E06471A8CB6990012CBE6 /* 倒计时1.png */,
				849E06421A8CB2D90012CBE6 /* CameraCountdownView.h */,
				849E06431A8CB2D90012CBE6 /* CameraCountdownView.m */,
			);
			name = cameracountdown;
			sourceTree = "<group>";
		};
		84B3D3121B9D807D006175FD /* collectionview */ = {
			isa = PBXGroup;
			children = (
				84BA6AF21B140BB30054D05F /* LoaerCollectionViewController.h */,
				84BA6AF31B140BB30054D05F /* LoaerCollectionViewController.m */,
				84BA6AF51B140CC90054D05F /* LoaerCollectionViewCell.h */,
				84BA6AF61B140CC90054D05F /* LoaerCollectionViewCell.m */,
				84BA6AF81B1419F80054D05F /* LoaerTwitterCollectionViewFlowLayout.h */,
				84BA6AF91B1419F80054D05F /* LoaerTwitterCollectionViewFlowLayout.m */,
			);
			name = collectionview;
			sourceTree = "<group>";
		};
		84BDBC921B4BCE6F00EFD1F4 /* imageScrollView */ = {
			isa = PBXGroup;
			children = (
				84BDBC931B4BCE6F00EFD1F4 /* MTImageScrollView.h */,
				84BDBC941B4BCE6F00EFD1F4 /* MTImageScrollView.m */,
			);
			path = imageScrollView;
			sourceTree = "<group>";
		};
		84BE834B1B8EB31300F96522 /* Pictures */ = {
			isa = PBXGroup;
			children = (
				84BE834C1B8EB37600F96522 /* AlbumsTableViewController.h */,
				84BE834D1B8EB37600F96522 /* AlbumsTableViewController.m */,
				840CB37E1B8EDE24003220D2 /* AlbumTableViewCell.h */,
				840CB37F1B8EDE24003220D2 /* AlbumTableViewCell.m */,
				840CB3821B8EECB1003220D2 /* AlbumViewController.h */,
				840CB3831B8EECB1003220D2 /* AlbumViewController.m */,
				84BE83551B8EB41E00F96522 /* UIImage+ImageTool.h */,
				84BE83561B8EB41E00F96522 /* UIImage+ImageTool.m */,
			);
			name = Pictures;
			sourceTree = "<group>";
		};
		84FE9A721BAFED3100C8752D /* fiveStar */ = {
			isa = PBXGroup;
			children = (
				84FE9A731BAFED6600C8752D /* FiveStarViewController.h */,
				84FE9A741BAFED6600C8752D /* FiveStarViewController.m */,
			);
			name = fiveStar;
			sourceTree = "<group>";
		};
		9CB9FB3EC67903B797DC1850 /* Pods */ = {
			isa = PBXGroup;
			children = (
				9E5906AB5C8C85374ADD9701 /* Pods.debug.xcconfig */,
				C0E48BA6D0057B0DD3A81A35 /* Pods.release.xcconfig */,
			);
			name = Pods;
			sourceTree = "<group>";
		};
/* End PBXGroup section */

/* Begin PBXNativeTarget section */
		02EACA23183EFC8500780D06 /* IOS7Tests */ = {
			isa = PBXNativeTarget;
			buildConfigurationList = 02EACA50183EFC8500780D06 /* Build configuration list for PBXNativeTarget "IOS7Tests" */;
			buildPhases = (
				3E641755D8D005A00FFC6D9D /* Check Pods Manifest.lock */,
				02EACA20183EFC8500780D06 /* Sources */,
				02EACA21183EFC8500780D06 /* Frameworks */,
				02EACA22183EFC8500780D06 /* Resources */,
				FA2AC9E756B4B4037B5A5E72 /* Copy Pods Resources */,
			);
			buildRules = (
			);
			dependencies = (
			);
			name = IOS7Tests;
			productName = IOS7Tests;
			productReference = 02EACA24183EFC8500780D06 /* IOS7Tests.app */;
			productType = "com.apple.product-type.application";
		};
/* End PBXNativeTarget section */

/* Begin PBXProject section */
		02EACA1C183EFC8500780D06 /* Project object */ = {
			isa = PBXProject;
			attributes = {
				LastUpgradeCheck = 0500;
				ORGANIZATIONNAME = loaer;
			};
			buildConfigurationList = 02EACA1F183EFC8500780D06 /* Build configuration list for PBXProject "AllDemo" */;
			compatibilityVersion = "Xcode 3.2";
			developmentRegion = English;
			hasScannedForEncodings = 0;
			knownRegions = (
				en,
			);
			mainGroup = 02EACA1B183EFC8500780D06;
			productRefGroup = 02EACA25183EFC8500780D06 /* Products */;
			projectDirPath = "";
			projectRoot = "";
			targets = (
				02EACA23183EFC8500780D06 /* IOS7Tests */,
			);
		};
/* End PBXProject section */

/* Begin PBXResourcesBuildPhase section */
		02EACA22183EFC8500780D06 /* Resources */ = {
			isa = PBXResourcesBuildPhase;
			buildActionMask = 2147483647;
			files = (
				02EACA32183EFC8500780D06 /* InfoPlist.strings in Resources */,
				849E064B1A8CB6A10012CBE6 /* 倒计时2.png in Resources */,
				849E06481A8CB6990012CBE6 /* 倒计时1.png in Resources */,
				849E06461A8CB68B0012CBE6 /* 倒计时plus1.png in Resources */,
				849E064C1A8CB6A10012CBE6 /* 倒计时plus2.png in Resources */,
				849E064F1A8CB6A70012CBE6 /* 倒计时3.png in Resources */,
				02EACA3A183EFC8500780D06 /* Images.xcassets in Resources */,
				849E06501A8CB6A70012CBE6 /* 倒计时plus3.png in Resources */,
			);
			runOnlyForDeploymentPostprocessing = 0;
		};
/* End PBXResourcesBuildPhase section */

/* Begin PBXShellScriptBuildPhase section */
		3E641755D8D005A00FFC6D9D /* Check Pods Manifest.lock */ = {
			isa = PBXShellScriptBuildPhase;
			buildActionMask = 2147483647;
			files = (
			);
			inputPaths = (
			);
			name = "Check Pods Manifest.lock";
			outputPaths = (
			);
			runOnlyForDeploymentPostprocessing = 0;
			shellPath = /bin/sh;
			shellScript = "diff \"${PODS_ROOT}/../Podfile.lock\" \"${PODS_ROOT}/Manifest.lock\" > /dev/null\nif [[ $? != 0 ]] ; then\n    cat << EOM\nerror: The sandbox is not in sync with the Podfile.lock. Run 'pod install' or update your CocoaPods installation.\nEOM\n    exit 1\nfi\n";
			showEnvVarsInLog = 0;
		};
		FA2AC9E756B4B4037B5A5E72 /* Copy Pods Resources */ = {
			isa = PBXShellScriptBuildPhase;
			buildActionMask = 2147483647;
			files = (
			);
			inputPaths = (
			);
			name = "Copy Pods Resources";
			outputPaths = (
			);
			runOnlyForDeploymentPostprocessing = 0;
			shellPath = /bin/sh;
			shellScript = "\"${SRCROOT}/Pods/Target Support Files/Pods/Pods-resources.sh\"\n";
			showEnvVarsInLog = 0;
		};
/* End PBXShellScriptBuildPhase section */

/* Begin PBXSourcesBuildPhase section */
		02EACA20183EFC8500780D06 /* Sources */ = {
			isa = PBXSourcesBuildPhase;
			buildActionMask = 2147483647;
			files = (
				84B3D30B1B9D7CAE006175FD /* AdViewController.m in Sources */,
				84BDBC951B4BCE6F00EFD1F4 /* MTImageScrollView.m in Sources */,
				84BA6AFA1B1419F80054D05F /* LoaerTwitterCollectionViewFlowLayout.m in Sources */,
				848B4E871BA80036004B1494 /* MixTestViewController.m in Sources */,
				840CB3841B8EECB1003220D2 /* AlbumViewController.m in Sources */,
				84E23C491B8D609E004A083A /* NetDataViewController.m in Sources */,
				84BA6AF41B140BB30054D05F /* LoaerCollectionViewController.m in Sources */,
				02EACA38183EFC8500780D06 /* AppDelegate.m in Sources */,
				02EACA5E183F00B300780D06 /* TestSwipeToPopOne.m in Sources */,
				840CB3801B8EDE24003220D2 /* AlbumTableViewCell.m in Sources */,
				84FE9A751BAFED6600C8752D /* FiveStarViewController.m in Sources */,
				84BE834E1B8EB37600F96522 /* AlbumsTableViewController.m in Sources */,
				8499DA2A1B147E520021C873 /* NextViewController.m in Sources */,
				84BE83571B8EB41E00F96522 /* UIImage+ImageTool.m in Sources */,
				849E06441A8CB2D90012CBE6 /* CameraCountdownView.m in Sources */,
				84BB73081A89ADC000D1DC66 /* POPAnimatableProperty+Masonry.m in Sources */,
				02EACA61183F014100780D06 /* TestSwipeToPopTwo.m in Sources */,
				84B3D3151B9D80F4006175FD /* AdDataModel.m in Sources */,
				8426F0AA1A888A6800853F61 /* Setting.m in Sources */,
				84BA6AF71B140CC90054D05F /* LoaerCollectionViewCell.m in Sources */,
				02EACA34183EFC8500780D06 /* main.m in Sources */,
				84B3D3101B9D803E006175FD /* RequestAdData.m in Sources */,
				84E572111B43DD5600815262 /* PullViewController.m in Sources */,
			);
			runOnlyForDeploymentPostprocessing = 0;
		};
/* End PBXSourcesBuildPhase section */

/* Begin PBXVariantGroup section */
		02EACA30183EFC8500780D06 /* InfoPlist.strings */ = {
			isa = PBXVariantGroup;
			children = (
				02EACA31183EFC8500780D06 /* en */,
			);
			name = InfoPlist.strings;
			sourceTree = "<group>";
		};
		02EACA49183EFC8500780D06 /* InfoPlist.strings */ = {
			isa = PBXVariantGroup;
			children = (
				02EACA4A183EFC8500780D06 /* en */,
			);
			name = InfoPlist.strings;
			sourceTree = "<group>";
		};
/* End PBXVariantGroup section */

/* Begin XCBuildConfiguration section */
		02EACA4E183EFC8500780D06 /* Debug */ = {
			isa = XCBuildConfiguration;
			buildSettings = {
				ALWAYS_SEARCH_USER_PATHS = NO;
				ARCHS = "$(ARCHS_STANDARD_INCLUDING_64_BIT)";
				CLANG_CXX_LANGUAGE_STANDARD = "gnu++0x";
				CLANG_CXX_LIBRARY = "libc++";
				CLANG_ENABLE_MODULES = YES;
				CLANG_ENABLE_OBJC_ARC = YES;
				CLANG_WARN_BOOL_CONVERSION = YES;
				CLANG_WARN_CONSTANT_CONVERSION = YES;
				CLANG_WARN_DIRECT_OBJC_ISA_USAGE = YES_ERROR;
				CLANG_WARN_EMPTY_BODY = YES;
				CLANG_WARN_ENUM_CONVERSION = YES;
				CLANG_WARN_INT_CONVERSION = YES;
				CLANG_WARN_OBJC_ROOT_CLASS = YES_ERROR;
				CLANG_WARN__DUPLICATE_METHOD_MATCH = YES;
				"CODE_SIGN_IDENTITY[sdk=iphoneos*]" = "iPhone Developer";
				COPY_PHASE_STRIP = NO;
				GCC_C_LANGUAGE_STANDARD = gnu99;
				GCC_DYNAMIC_NO_PIC = NO;
				GCC_OPTIMIZATION_LEVEL = 0;
				GCC_PREPROCESSOR_DEFINITIONS = (
					"DEBUG=1",
					"$(inherited)",
				);
				GCC_SYMBOLS_PRIVATE_EXTERN = NO;
				GCC_WARN_64_TO_32_BIT_CONVERSION = YES;
				GCC_WARN_ABOUT_RETURN_TYPE = YES_ERROR;
				GCC_WARN_UNDECLARED_SELECTOR = YES;
				GCC_WARN_UNINITIALIZED_AUTOS = YES;
				GCC_WARN_UNUSED_FUNCTION = YES;
				GCC_WARN_UNUSED_VARIABLE = YES;
				IPHONEOS_DEPLOYMENT_TARGET = 7.0;
				ONLY_ACTIVE_ARCH = YES;
				SDKROOT = iphoneos;
			};
			name = Debug;
		};
		02EACA4F183EFC8500780D06 /* Release */ = {
			isa = XCBuildConfiguration;
			buildSettings = {
				ALWAYS_SEARCH_USER_PATHS = NO;
				ARCHS = "$(ARCHS_STANDARD_INCLUDING_64_BIT)";
				CLANG_CXX_LANGUAGE_STANDARD = "gnu++0x";
				CLANG_CXX_LIBRARY = "libc++";
				CLANG_ENABLE_MODULES = YES;
				CLANG_ENABLE_OBJC_ARC = YES;
				CLANG_WARN_BOOL_CONVERSION = YES;
				CLANG_WARN_CONSTANT_CONVERSION = YES;
				CLANG_WARN_DIRECT_OBJC_ISA_USAGE = YES_ERROR;
				CLANG_WARN_EMPTY_BODY = YES;
				CLANG_WARN_ENUM_CONVERSION = YES;
				CLANG_WARN_INT_CONVERSION = YES;
				CLANG_WARN_OBJC_ROOT_CLASS = YES_ERROR;
				CLANG_WARN__DUPLICATE_METHOD_MATCH = YES;
				"CODE_SIGN_IDENTITY[sdk=iphoneos*]" = "iPhone Developer";
				COPY_PHASE_STRIP = YES;
				ENABLE_NS_ASSERTIONS = NO;
				GCC_C_LANGUAGE_STANDARD = gnu99;
				GCC_WARN_64_TO_32_BIT_CONVERSION = YES;
				GCC_WARN_ABOUT_RETURN_TYPE = YES_ERROR;
				GCC_WARN_UNDECLARED_SELECTOR = YES;
				GCC_WARN_UNINITIALIZED_AUTOS = YES;
				GCC_WARN_UNUSED_FUNCTION = YES;
				GCC_WARN_UNUSED_VARIABLE = YES;
				IPHONEOS_DEPLOYMENT_TARGET = 7.0;
				SDKROOT = iphoneos;
				VALIDATE_PRODUCT = YES;
			};
			name = Release;
		};
		02EACA51183EFC8500780D06 /* Debug */ = {
			isa = XCBuildConfiguration;
			baseConfigurationReference = 9E5906AB5C8C85374ADD9701 /* Pods.debug.xcconfig */;
			buildSettings = {
				ASSETCATALOG_COMPILER_APPICON_NAME = AppIcon;
				ASSETCATALOG_COMPILER_LAUNCHIMAGE_NAME = LaunchImage;
				GCC_PRECOMPILE_PREFIX_HEADER = YES;
				GCC_PREFIX_HEADER = "IOS7Tests/IOS7Tests-Prefix.pch";
				INFOPLIST_FILE = "IOS7Tests/IOS7Tests-Info.plist";
				PRODUCT_NAME = "$(TARGET_NAME)";
				PROVISIONING_PROFILE = "";
				WRAPPER_EXTENSION = app;
			};
			name = Debug;
		};
		02EACA52183EFC8500780D06 /* Release */ = {
			isa = XCBuildConfiguration;
			baseConfigurationReference = C0E48BA6D0057B0DD3A81A35 /* Pods.release.xcconfig */;
			buildSettings = {
				ASSETCATALOG_COMPILER_APPICON_NAME = AppIcon;
				ASSETCATALOG_COMPILER_LAUNCHIMAGE_NAME = LaunchImage;
				GCC_PRECOMPILE_PREFIX_HEADER = YES;
				GCC_PREFIX_HEADER = "IOS7Tests/IOS7Tests-Prefix.pch";
				INFOPLIST_FILE = "IOS7Tests/IOS7Tests-Info.plist";
				PRODUCT_NAME = "$(TARGET_NAME)";
				PROVISIONING_PROFILE = "";
				WRAPPER_EXTENSION = app;
			};
			name = Release;
		};
/* End XCBuildConfiguration section */

/* Begin XCConfigurationList section */
		02EACA1F183EFC8500780D06 /* Build configuration list for PBXProject "AllDemo" */ = {
			isa = XCConfigurationList;
			buildConfigurations = (
				02EACA4E183EFC8500780D06 /* Debug */,
				02EACA4F183EFC8500780D06 /* Release */,
			);
			defaultConfigurationIsVisible = 0;
			defaultConfigurationName = Release;
		};
		02EACA50183EFC8500780D06 /* Build configuration list for PBXNativeTarget "IOS7Tests" */ = {
			isa = XCConfigurationList;
			buildConfigurations = (
				02EACA51183EFC8500780D06 /* Debug */,
				02EACA52183EFC8500780D06 /* Release */,
			);
			defaultConfigurationIsVisible = 0;
			defaultConfigurationName = Release;
		};
/* End XCConfigurationList section */
	};
	rootObject = 02EACA1C183EFC8500780D06 /* Project object */;
}
